{
  "name": "nace-finder-modern",
  "lockfileVersion": 3,
  "requires": true,
  "packages": {
    "": {
      "dependencies": {
        "cherry-cljs": "^0.0.1"
      }
    },
    "node_modules/cherry-cljs": {
      "version": "0.0.1",
      "resolved": "https://registry.npmjs.org/cherry-cljs/-/cherry-cljs-0.0.1.tgz",
      "integrity": "sha512-rrSES1dhWUZl2XBGZaaz/bo6x3BdUWD01aUJQKITblIZKoBlUZztpeZH5+rHxey/ziDtPpQgw/jRIrp+K6Bp9g==",
      "bin": {
        "cherry": "node_cli.js"
      }
    }
  }
}
